
Microsoft Visual Studio Solution File, Format Version 12.00
# Visual Studio 15
VisualStudioVersion = 15.0.26124.0
MinimumVisualStudioVersion = 15.0.26124.0
Project("{F2A71F9B-5D33-465A-A702-920D77279786}") = "redwood", "redwood\redwood.fsproj", "{4038C5DB-4D50-4585-80CE-9FB22E7FC4B7}"
EndProject
Project("{2150E333-8FDC-42A3-9474-1A3956D46DE8}") = "demos", "demos", "{62151186-214F-4579-969D-2269CA110B72}"
EndProject
Project("{F2A71F9B-5D33-465A-A702-920D77279786}") = "boids", "demos\boids\boids.fsproj", "{C9F18A31-CD3D-4E47-AD8A-EE269C907675}"
EndProject
Project("{F2A71F9B-5D33-465A-A702-920D77279786}") = "redwood.test", "redwood.test\redwood.test.fsproj", "{5C43149A-24E9-48E2-A102-A2FFA8C70678}"
EndProject
Project("{F2A71F9B-5D33-465A-A702-920D77279786}") = "pathfinding", "demos\pathfinding\pathfinding.fsproj", "{1CCB7065-E136-4F32-8BB0-9720CF3E1613}"
EndProject
Global
	GlobalSection(SolutionConfigurationPlatforms) = preSolution
		Debug|Any CPU = Debug|Any CPU
		Debug|x64 = Debug|x64
		Debug|x86 = Debug|x86
		Release|Any CPU = Release|Any CPU
		Release|x64 = Release|x64
		Release|x86 = Release|x86
	EndGlobalSection
	GlobalSection(SolutionProperties) = preSolution
		HideSolutionNode = FALSE
	EndGlobalSection
	GlobalSection(ProjectConfigurationPlatforms) = postSolution
		{4038C5DB-4D50-4585-80CE-9FB22E7FC4B7}.Debug|Any CPU.ActiveCfg = Debug|Any CPU
		{4038C5DB-4D50-4585-80CE-9FB22E7FC4B7}.Debug|Any CPU.Build.0 = Debug|Any CPU
		{4038C5DB-4D50-4585-80CE-9FB22E7FC4B7}.Debug|x64.ActiveCfg = Debug|Any CPU
		{4038C5DB-4D50-4585-80CE-9FB22E7FC4B7}.Debug|x64.Build.0 = Debug|Any CPU
		{4038C5DB-4D50-4585-80CE-9FB22E7FC4B7}.Debug|x86.ActiveCfg = Debug|Any CPU
		{4038C5DB-4D50-4585-80CE-9FB22E7FC4B7}.Debug|x86.Build.0 = Debug|Any CPU
		{4038C5DB-4D50-4585-80CE-9FB22E7FC4B7}.Release|Any CPU.ActiveCfg = Release|Any CPU
		{4038C5DB-4D50-4585-80CE-9FB22E7FC4B7}.Release|Any CPU.Build.0 = Release|Any CPU
		{4038C5DB-4D50-4585-80CE-9FB22E7FC4B7}.Release|x64.ActiveCfg = Release|Any CPU
		{4038C5DB-4D50-4585-80CE-9FB22E7FC4B7}.Release|x64.Build.0 = Release|Any CPU
		{4038C5DB-4D50-4585-80CE-9FB22E7FC4B7}.Release|x86.ActiveCfg = Release|Any CPU
		{4038C5DB-4D50-4585-80CE-9FB22E7FC4B7}.Release|x86.Build.0 = Release|Any CPU
		{C9F18A31-CD3D-4E47-AD8A-EE269C907675}.Debug|Any CPU.ActiveCfg = Debug|Any CPU
		{C9F18A31-CD3D-4E47-AD8A-EE269C907675}.Debug|Any CPU.Build.0 = Debug|Any CPU
		{C9F18A31-CD3D-4E47-AD8A-EE269C907675}.Debug|x64.ActiveCfg = Debug|Any CPU
		{C9F18A31-CD3D-4E47-AD8A-EE269C907675}.Debug|x64.Build.0 = Debug|Any CPU
		{C9F18A31-CD3D-4E47-AD8A-EE269C907675}.Debug|x86.ActiveCfg = Debug|Any CPU
		{C9F18A31-CD3D-4E47-AD8A-EE269C907675}.Debug|x86.Build.0 = Debug|Any CPU
		{C9F18A31-CD3D-4E47-AD8A-EE269C907675}.Release|Any CPU.ActiveCfg = Release|Any CPU
		{C9F18A31-CD3D-4E47-AD8A-EE269C907675}.Release|Any CPU.Build.0 = Release|Any CPU
		{C9F18A31-CD3D-4E47-AD8A-EE269C907675}.Release|x64.ActiveCfg = Release|Any CPU
		{C9F18A31-CD3D-4E47-AD8A-EE269C907675}.Release|x64.Build.0 = Release|Any CPU
		{C9F18A31-CD3D-4E47-AD8A-EE269C907675}.Release|x86.ActiveCfg = Release|Any CPU
		{C9F18A31-CD3D-4E47-AD8A-EE269C907675}.Release|x86.Build.0 = Release|Any CPU
		{5C43149A-24E9-48E2-A102-A2FFA8C70678}.Debug|Any CPU.ActiveCfg = Debug|Any CPU
		{5C43149A-24E9-48E2-A102-A2FFA8C70678}.Debug|Any CPU.Build.0 = Debug|Any CPU
		{5C43149A-24E9-48E2-A102-A2FFA8C70678}.Debug|x64.ActiveCfg = Debug|Any CPU
		{5C43149A-24E9-48E2-A102-A2FFA8C70678}.Debug|x64.Build.0 = Debug|Any CPU
		{5C43149A-24E9-48E2-A102-A2FFA8C70678}.Debug|x86.ActiveCfg = Debug|Any CPU
		{5C43149A-24E9-48E2-A102-A2FFA8C70678}.Debug|x86.Build.0 = Debug|Any CPU
		{5C43149A-24E9-48E2-A102-A2FFA8C70678}.Release|Any CPU.ActiveCfg = Release|Any CPU
		{5C43149A-24E9-48E2-A102-A2FFA8C70678}.Release|Any CPU.Build.0 = Release|Any CPU
		{5C43149A-24E9-48E2-A102-A2FFA8C70678}.Release|x64.ActiveCfg = Release|Any CPU
		{5C43149A-24E9-48E2-A102-A2FFA8C70678}.Release|x64.Build.0 = Release|Any CPU
		{5C43149A-24E9-48E2-A102-A2FFA8C70678}.Release|x86.ActiveCfg = Release|Any CPU
		{5C43149A-24E9-48E2-A102-A2FFA8C70678}.Release|x86.Build.0 = Release|Any CPU
		{1CCB7065-E136-4F32-8BB0-9720CF3E1613}.Debug|Any CPU.ActiveCfg = Debug|Any CPU
		{1CCB7065-E136-4F32-8BB0-9720CF3E1613}.Debug|Any CPU.Build.0 = Debug|Any CPU
		{1CCB7065-E136-4F32-8BB0-9720CF3E1613}.Debug|x64.ActiveCfg = Debug|Any CPU
		{1CCB7065-E136-4F32-8BB0-9720CF3E1613}.Debug|x64.Build.0 = Debug|Any CPU
		{1CCB7065-E136-4F32-8BB0-9720CF3E1613}.Debug|x86.ActiveCfg = Debug|Any CPU
		{1CCB7065-E136-4F32-8BB0-9720CF3E1613}.Debug|x86.Build.0 = Debug|Any CPU
		{1CCB7065-E136-4F32-8BB0-9720CF3E1613}.Release|Any CPU.ActiveCfg = Release|Any CPU
		{1CCB7065-E136-4F32-8BB0-9720CF3E1613}.Release|Any CPU.Build.0 = Release|Any CPU
		{1CCB7065-E136-4F32-8BB0-9720CF3E1613}.Release|x64.ActiveCfg = Release|Any CPU
		{1CCB7065-E136-4F32-8BB0-9720CF3E1613}.Release|x64.Build.0 = Release|Any CPU
		{1CCB7065-E136-4F32-8BB0-9720CF3E1613}.Release|x86.ActiveCfg = Release|Any CPU
		{1CCB7065-E136-4F32-8BB0-9720CF3E1613}.Release|x86.Build.0 = Release|Any CPU
	EndGlobalSection
	GlobalSection(NestedProjects) = preSolution
		{C9F18A31-CD3D-4E47-AD8A-EE269C907675} = {62151186-214F-4579-969D-2269CA110B72}
		{1CCB7065-E136-4F32-8BB0-9720CF3E1613} = {62151186-214F-4579-969D-2269CA110B72}
	EndGlobalSection
EndGlobal
